<?xml version="1.0" encoding="utf-8"?>
<Project ToolsVersion="4.0" xmlns="http://schemas.microsoft.com/developer/msbuild/2003">
  <ItemGroup>
    <Filter Include="Archivos de origen">
      <UniqueIdentifier>{4FC737F1-C7A5-4376-A066-2A32D752A2FF}</UniqueIdentifier>
      <Extensions>cpp;c;cc;cxx;c++;cppm;ixx;def;odl;idl;hpj;bat;asm;asmx</Extensions>
    </Filter>
    <Filter Include="Archivos de encabezado">
      <UniqueIdentifier>{93995380-89BD-4b04-88EB-625FBE52EBFB}</UniqueIdentifier>
      <Extensions>h;hh;hpp;hxx;h++;hm;inl;inc;ipp;xsd</Extensions>
    </Filter>
    <Filter Include="Archivos de recursos">
      <UniqueIdentifier>{67DA6AB6-F800-4c08-8B7A-83BB121AAD01}</UniqueIdentifier>
      <Extensions>rc;ico;cur;bmp;dlg;rc2;rct;bin;rgs;gif;jpg;jpeg;jpe;resx;tiff;tif;png;wav;mfcribbon-ms</Extensions>
    </Filter>
  </ItemGroup>
  <ItemGroup>
    <ClCompile Include="main.cpp">
      <Filter>Archivos de origen</Filter>
    </ClCompile>
    <ClCompile Include="editor\addons\tests\Test1.cpp">
      <Filter>Archivos de origen</Filter>
    </ClCompile>
    <ClCompile Include="editor\addons\Assets.cpp">
      <Filter>Archivos de origen</Filter>
    </ClCompile>
    <ClCompile Include="editor\addons\Console.cpp">
      <Filter>Archivos de origen</Filter>
    </ClCompile>
    <ClCompile Include="editor\addons\Main_menu.cpp">
      <Filter>Archivos de origen</Filter>
    </ClCompile>
    <ClCompile Include="editor\addons\Scene_Graph.cpp">
      <Filter>Archivos de origen</Filter>
    </ClCompile>
    <ClCompile Include="editor\addons\Scene_props.cpp">
      <Filter>Archivos de origen</Filter>
    </ClCompile>
    <ClCompile Include="editor\addons\Toolbox.cpp">
      <Filter>Archivos de origen</Filter>
    </ClCompile>
    <ClCompile Include="editor\addons\Transform_control.cpp">
      <Filter>Archivos de origen</Filter>
    </ClCompile>
    <ClCompile Include="editor\Editor.cpp">
      <Filter>Archivos de origen</Filter>
    </ClCompile>
    <ClCompile Include="editor\Input_gestures.cpp">
      <Filter>Archivos de origen</Filter>
    </ClCompile>
  </ItemGroup>
  <ItemGroup>
    <ClInclude Include="editor\addons\tests\Test1.h">
      <Filter>Archivos de encabezado</Filter>
    </ClInclude>
    <ClInclude Include="editor\addons\addons_headers.h">
      <Filter>Archivos de encabezado</Filter>
    </ClInclude>
    <ClInclude Include="editor\addons\Assets.h">
      <Filter>Archivos de encabezado</Filter>
    </ClInclude>
    <ClInclude Include="editor\addons\Console.h">
      <Filter>Archivos de encabezado</Filter>
    </ClInclude>
    <ClInclude Include="editor\addons\Main_menu.h">
      <Filter>Archivos de encabezado</Filter>
    </ClInclude>
    <ClInclude Include="editor\addons\Scene_Graph.h">
      <Filter>Archivos de encabezado</Filter>
    </ClInclude>
    <ClInclude Include="editor\addons\Scene_props.h">
      <Filter>Archivos de encabezado</Filter>
    </ClInclude>
    <ClInclude Include="editor\addons\Toolbox.h">
      <Filter>Archivos de encabezado</Filter>
    </ClInclude>
    <ClInclude Include="editor\addons\Transform_control.h">
      <Filter>Archivos de encabezado</Filter>
    </ClInclude>
    <ClInclude Include="editor\Editor.h">
      <Filter>Archivos de encabezado</Filter>
    </ClInclude>
    <ClInclude Include="editor\Input_gestures.h">
      <Filter>Archivos de encabezado</Filter>
    </ClInclude>
  </ItemGroup>
  <ItemGroup>
    <None Include="res\shaders\basic.shader" />
    <None Include="res\shaders\basic2.shader" />
    <None Include="res\shaders\basic3.shader" />
    <None Include="res\shaders\light.shader" />
  </ItemGroup>
  <ItemGroup>
    <Font Include="res\fonts\droid-sans\DroidSans.ttf" />
    <Font Include="res\fonts\droid-sans\DroidSans-Bold.ttf" />
    <Font Include="res\fonts\Roboto\Roboto-Black.ttf" />
    <Font Include="res\fonts\Roboto\Roboto-BlackItalic.ttf" />
    <Font Include="res\fonts\Roboto\Roboto-Bold.ttf" />
    <Font Include="res\fonts\Roboto\Roboto-BoldItalic.ttf" />
    <Font Include="res\fonts\Roboto\Roboto-Italic.ttf" />
    <Font Include="res\fonts\Roboto\Roboto-Light.ttf" />
    <Font Include="res\fonts\Roboto\Roboto-LightItalic.ttf" />
    <Font Include="res\fonts\Roboto\Roboto-Medium.ttf" />
    <Font Include="res\fonts\Roboto\Roboto-MediumItalic.ttf" />
    <Font Include="res\fonts\Roboto\Roboto-Regular.ttf" />
    <Font Include="res\fonts\Roboto\Roboto-Thin.ttf" />
    <Font Include="res\fonts\Roboto\Roboto-ThinItalic.ttf" />
  </ItemGroup>
</Project>